// !$*UTF8*$!
{
	archiveVersion = 1;
	classes = {
	};
	objectVersion = 56;
	objects = {

/* Begin PBXBuildFile section */
		23F3CAD92A27ED66004B4B01 /* AppDelegate.swift in Sources */ = {isa = PBXBuildFile; fileRef = 23F3CAD82A27ED66004B4B01 /* AppDelegate.swift */; };
		23F3CADB2A27ED66004B4B01 /* SceneDelegate.swift in Sources */ = {isa = PBXBuildFile; fileRef = 23F3CADA2A27ED66004B4B01 /* SceneDelegate.swift */; };
		23F3CADD2A27ED66004B4B01 /* ViewController.swift in Sources */ = {isa = PBXBuildFile; fileRef = 23F3CADC2A27ED66004B4B01 /* ViewController.swift */; };
		23F3CAE02A27ED66004B4B01 /* Main.storyboard in Resources */ = {isa = PBXBuildFile; fileRef = 23F3CADE2A27ED66004B4B01 /* Main.storyboard */; };
		23F3CAE32A27ED66004B4B01 /* appleTelefonMarket.xcdatamodeld in Sources */ = {isa = PBXBuildFile; fileRef = 23F3CAE12A27ED66004B4B01 /* appleTelefonMarket.xcdatamodeld */; };
		23F3CAE52A27ED68004B4B01 /* Assets.xcassets in Resources */ = {isa = PBXBuildFile; fileRef = 23F3CAE42A27ED68004B4B01 /* Assets.xcassets */; };
		23F3CAE82A27ED68004B4B01 /* LaunchScreen.storyboard in Resources */ = {isa = PBXBuildFile; fileRef = 23F3CAE62A27ED68004B4B01 /* LaunchScreen.storyboard */; };
		23F3CAF32A27ED68004B4B01 /* appleTelefonMarketTests.swift in Sources */ = {isa = PBXBuildFile; fileRef = 23F3CAF22A27ED68004B4B01 /* appleTelefonMarketTests.swift */; };
		23F3CAFD2A27ED68004B4B01 /* appleTelefonMarketUITests.swift in Sources */ = {isa = PBXBuildFile; fileRef = 23F3CAFC2A27ED68004B4B01 /* appleTelefonMarketUITests.swift */; };
		23F3CAFF2A27ED68004B4B01 /* appleTelefonMarketUITestsLaunchTests.swift in Sources */ = {isa = PBXBuildFile; fileRef = 23F3CAFE2A27ED68004B4B01 /* appleTelefonMarketUITestsLaunchTests.swift */; };
		23F3CB0C2A27F120004B4B01 /* MarketCell.swift in Sources */ = {isa = PBXBuildFile; fileRef = 23F3CB0B2A27F120004B4B01 /* MarketCell.swift */; };
		23F3CB102A27F449004B4B01 /* Market.swift in Sources */ = {isa = PBXBuildFile; fileRef = 23F3CB0F2A27F449004B4B01 /* Market.swift */; };
		23F3CB122A27F6BD004B4B01 /* MarketTableView.swift in Sources */ = {isa = PBXBuildFile; fileRef = 23F3CB112A27F6BD004B4B01 /* MarketTableView.swift */; };
/* End PBXBuildFile section */

/* Begin PBXContainerItemProxy section */
		23F3CAEF2A27ED68004B4B01 /* PBXContainerItemProxy */ = {
			isa = PBXContainerItemProxy;
			containerPortal = 23F3CACD2A27ED66004B4B01 /* Project object */;
			proxyType = 1;
			remoteGlobalIDString = 23F3CAD42A27ED66004B4B01;
			remoteInfo = appleTelefonMarket;
		};
		23F3CAF92A27ED68004B4B01 /* PBXContainerItemProxy */ = {
			isa = PBXContainerItemProxy;
			containerPortal = 23F3CACD2A27ED66004B4B01 /* Project object */;
			proxyType = 1;
			remoteGlobalIDString = 23F3CAD42A27ED66004B4B01;
			remoteInfo = appleTelefonMarket;
		};
/* End PBXContainerItemProxy section */

/* Begin PBXFileReference section */
		23F3CAD52A27ED66004B4B01 /* appleTelefonMarket.app */ = {isa = PBXFileReference; explicitFileType = wrapper.application; includeInIndex = 0; path = appleTelefonMarket.app; sourceTree = BUILT_PRODUCTS_DIR; };
		23F3CAD82A27ED66004B4B01 /* AppDelegate.swift */ = {isa = PBXFileReference; lastKnownFileType = sourcecode.swift; path = AppDelegate.swift; sourceTree = "<group>"; };
		23F3CADA2A27ED66004B4B01 /* SceneDelegate.swift */ = {isa = PBXFileReference; lastKnownFileType = sourcecode.swift; path = SceneDelegate.swift; sourceTree = "<group>"; };
		23F3CADC2A27ED66004B4B01 /* ViewController.swift */ = {isa = PBXFileReference; lastKnownFileType = sourcecode.swift; path = ViewController.swift; sourceTree = "<group>"; };
		23F3CADF2A27ED66004B4B01 /* Base */ = {isa = PBXFileReference; lastKnownFileType = file.storyboard; name = Base; path = Base.lproj/Main.storyboard; sourceTree = "<group>"; };
		23F3CAE22A27ED66004B4B01 /* appleTelefonMarket.xcdatamodel */ = {isa = PBXFileReference; lastKnownFileType = wrapper.xcdatamodel; path = appleTelefonMarket.xcdatamodel; sourceTree = "<group>"; };
		23F3CAE42A27ED68004B4B01 /* Assets.xcassets */ = {isa = PBXFileReference; lastKnownFileType = folder.assetcatalog; path = Assets.xcassets; sourceTree = "<group>"; };
		23F3CAE72A27ED68004B4B01 /* Base */ = {isa = PBXFileReference; lastKnownFileType = file.storyboard; name = Base; path = Base.lproj/LaunchScreen.storyboard; sourceTree = "<group>"; };
		23F3CAE92A27ED68004B4B01 /* Info.plist */ = {isa = PBXFileReference; lastKnownFileType = text.plist.xml; path = Info.plist; sourceTree = "<group>"; };
		23F3CAEE2A27ED68004B4B01 /* appleTelefonMarketTests.xctest */ = {isa = PBXFileReference; explicitFileType = wrapper.cfbundle; includeInIndex = 0; path = appleTelefonMarketTests.xctest; sourceTree = BUILT_PRODUCTS_DIR; };
		23F3CAF22A27ED68004B4B01 /* appleTelefonMarketTests.swift */ = {isa = PBXFileReference; lastKnownFileType = sourcecode.swift; path = appleTelefonMarketTests.swift; sourceTree = "<group>"; };
		23F3CAF82A27ED68004B4B01 /* appleTelefonMarketUITests.xctest */ = {isa = PBXFileReference; explicitFileType = wrapper.cfbundle; includeInIndex = 0; path = appleTelefonMarketUITests.xctest; sourceTree = BUILT_PRODUCTS_DIR; };
		23F3CAFC2A27ED68004B4B01 /* appleTelefonMarketUITests.swift */ = {isa = PBXFileReference; lastKnownFileType = sourcecode.swift; path = appleTelefonMarketUITests.swift; sourceTree = "<group>"; };
		23F3CAFE2A27ED68004B4B01 /* appleTelefonMarketUITestsLaunchTests.swift */ = {isa = PBXFileReference; lastKnownFileType = sourcecode.swift; path = appleTelefonMarketUITestsLaunchTests.swift; sourceTree = "<group>"; };
		23F3CB0B2A27F120004B4B01 /* MarketCell.swift */ = {isa = PBXFileReference; lastKnownFileType = sourcecode.swift; path = MarketCell.swift; sourceTree = "<group>"; };
		23F3CB0F2A27F449004B4B01 /* Market.swift */ = {isa = PBXFileReference; lastKnownFileType = sourcecode.swift; path = Market.swift; sourceTree = "<group>"; };
		23F3CB112A27F6BD004B4B01 /* MarketTableView.swift */ = {isa = PBXFileReference; lastKnownFileType = sourcecode.swift; path = MarketTableView.swift; sourceTree = "<group>"; };
/* End PBXFileReference section */

/* Begin PBXFrameworksBuildPhase section */
		23F3CAD22A27ED66004B4B01 /* Frameworks */ = {
			isa = PBXFrameworksBuildPhase;
			buildActionMask = 2147483647;
			files = (
			);
			runOnlyForDeploymentPostprocessing = 0;
		};
		23F3CAEB2A27ED68004B4B01 /* Frameworks */ = {
			isa = PBXFrameworksBuildPhase;
			buildActionMask = 2147483647;
			files = (
			);
			runOnlyForDeploymentPostprocessing = 0;
		};
		23F3CAF52A27ED68004B4B01 /* Frameworks */ = {
			isa = PBXFrameworksBuildPhase;
			buildActionMask = 2147483647;
			files = (
			);
			runOnlyForDeploymentPostprocessing = 0;
		};
/* End PBXFrameworksBuildPhase section */

/* Begin PBXGroup section */
		23F3CACC2A27ED66004B4B01 = {
			isa = PBXGroup;
			children = (
				23F3CAD72A27ED66004B4B01 /* appleTelefonMarket */,
				23F3CAF12A27ED68004B4B01 /* appleTelefonMarketTests */,
				23F3CAFB2A27ED68004B4B01 /* appleTelefonMarketUITests */,
				23F3CAD62A27ED66004B4B01 /* Products */,
			);
			sourceTree = "<group>";
		};
		23F3CAD62A27ED66004B4B01 /* Products */ = {
			isa = PBXGroup;
			children = (
				23F3CAD52A27ED66004B4B01 /* appleTelefonMarket.app */,
				23F3CAEE2A27ED68004B4B01 /* appleTelefonMarketTests.xctest */,
				23F3CAF82A27ED68004B4B01 /* appleTelefonMarketUITests.xctest */,
			);
			name = Products;
			sourceTree = "<group>";
		};
		23F3CAD72A27ED66004B4B01 /* appleTelefonMarket */ = {
			isa = PBXGroup;
			children = (
				23F3CAD82A27ED66004B4B01 /* AppDelegate.swift */,
				23F3CADA2A27ED66004B4B01 /* SceneDelegate.swift */,
				23F3CADC2A27ED66004B4B01 /* ViewController.swift */,
				23F3CADE2A27ED66004B4B01 /* Main.storyboard */,
				23F3CB0B2A27F120004B4B01 /* MarketCell.swift */,
				23F3CB112A27F6BD004B4B01 /* MarketTableView.swift */,
				23F3CB0F2A27F449004B4B01 /* Market.swift */,
				23F3CAE42A27ED68004B4B01 /* Assets.xcassets */,
				23F3CAE62A27ED68004B4B01 /* LaunchScreen.storyboard */,
				23F3CAE92A27ED68004B4B01 /* Info.plist */,
				23F3CAE12A27ED66004B4B01 /* appleTelefonMarket.xcdatamodeld */,
			);
			path = appleTelefonMarket;
			sourceTree = "<group>";
		};
		23F3CAF12A27ED68004B4B01 /* appleTelefonMarketTests */ = {
			isa = PBXGroup;
			children = (
				23F3CAF22A27ED68004B4B01 /* appleTelefonMarketTests.swift */,
			);
			path = appleTelefonMarketTests;
			sourceTree = "<group>";
		};
		23F3CAFB2A27ED68004B4B01 /* appleTelefonMarketUITests */ = {
			isa = PBXGroup;
			children = (
				23F3CAFC2A27ED68004B4B01 /* appleTelefonMarketUITests.swift */,
				23F3CAFE2A27ED68004B4B01 /* appleTelefonMarketUITestsLaunchTests.swift */,
			);
			path = appleTelefonMarketUITests;
			sourceTree = "<group>";
		};
/* End PBXGroup section */

/* Begin PBXNativeTarget section */
		23F3CAD42A27ED66004B4B01 /* appleTelefonMarket */ = {
			isa = PBXNativeTarget;
			buildConfigurationList = 23F3CB022A27ED68004B4B01 /* Build configuration list for PBXNativeTarget "appleTelefonMarket" */;
			buildPhases = (
				23F3CAD12A27ED66004B4B01 /* Sources */,
				23F3CAD22A27ED66004B4B01 /* Frameworks */,
				23F3CAD32A27ED66004B4B01 /* Resources */,
			);
			buildRules = (
			);
			dependencies = (
			);
			name = appleTelefonMarket;
			productName = appleTelefonMarket;
			productReference = 23F3CAD52A27ED66004B4B01 /* appleTelefonMarket.app */;
			productType = "com.apple.product-type.application";
		};
		23F3CAED2A27ED68004B4B01 /* appleTelefonMarketTests */ = {
			isa = PBXNativeTarget;
			buildConfigurationList = 23F3CB052A27ED68004B4B01 /* Build configuration list for PBXNativeTarget "appleTelefonMarketTests" */;
			buildPhases = (
				23F3CAEA2A27ED68004B4B01 /* Sources */,
				23F3CAEB2A27ED68004B4B01 /* Frameworks */,
				23F3CAEC2A27ED68004B4B01 /* Resources */,
			);
			buildRules = (
			);
			dependencies = (
				23F3CAF02A27ED68004B4B01 /* PBXTargetDependency */,
			);
			name = appleTelefonMarketTests;
			productName = appleTelefonMarketTests;
			productReference = 23F3CAEE2A27ED68004B4B01 /* appleTelefonMarketTests.xctest */;
			productType = "com.apple.product-type.bundle.unit-test";
		};
		23F3CAF72A27ED68004B4B01 /* appleTelefonMarketUITests */ = {
			isa = PBXNativeTarget;
			buildConfigurationList = 23F3CB082A27ED68004B4B01 /* Build configuration list for PBXNativeTarget "appleTelefonMarketUITests" */;
			buildPhases = (
				23F3CAF42A27ED68004B4B01 /* Sources */,
				23F3CAF52A27ED68004B4B01 /* Frameworks */,
				23F3CAF62A27ED68004B4B01 /* Resources */,
			);
			buildRules = (
			);
			dependencies = (
				23F3CAFA2A27ED68004B4B01 /* PBXTargetDependency */,
			);
			name = appleTelefonMarketUITests;
			productName = appleTelefonMarketUITests;
			productReference = 23F3CAF82A27ED68004B4B01 /* appleTelefonMarketUITests.xctest */;
			productType = "com.apple.product-type.bundle.ui-testing";
		};
/* End PBXNativeTarget section */

/* Begin PBXProject section */
		23F3CACD2A27ED66004B4B01 /* Project object */ = {
			isa = PBXProject;
			attributes = {
				BuildIndependentTargetsInParallel = 1;
				LastSwiftUpdateCheck = 1430;
				LastUpgradeCheck = 1430;
				TargetAttributes = {
					23F3CAD42A27ED66004B4B01 = {
						CreatedOnToolsVersion = 14.3;
					};
					23F3CAED2A27ED68004B4B01 = {
						CreatedOnToolsVersion = 14.3;
						TestTargetID = 23F3CAD42A27ED66004B4B01;
					};
					23F3CAF72A27ED68004B4B01 = {
						CreatedOnToolsVersion = 14.3;
						TestTargetID = 23F3CAD42A27ED66004B4B01;
					};
				};
			};
			buildConfigurationList = 23F3CAD02A27ED66004B4B01 /* Build configuration list for PBXProject "appleTelefonMarket" */;
			compatibilityVersion = "Xcode 14.0";
			developmentRegion = en;
			hasScannedForEncodings = 0;
			knownRegions = (
				en,
				Base,
			);
			mainGroup = 23F3CACC2A27ED66004B4B01;
			productRefGroup = 23F3CAD62A27ED66004B4B01 /* Products */;
			projectDirPath = "";
			projectRoot = "";
			targets = (
				23F3CAD42A27ED66004B4B01 /* appleTelefonMarket */,
				23F3CAED2A27ED68004B4B01 /* appleTelefonMarketTests */,
				23F3CAF72A27ED68004B4B01 /* appleTelefonMarketUITests */,
			);
		};
/* End PBXProject section */

/* Begin PBXResourcesBuildPhase section */
		23F3CAD32A27ED66004B4B01 /* Resources */ = {
			isa = PBXResourcesBuildPhase;
			buildActionMask = 2147483647;
			files = (
				23F3CAE82A27ED68004B4B01 /* LaunchScreen.storyboard in Resources */,
				23F3CAE52A27ED68004B4B01 /* Assets.xcassets in Resources */,
				23F3CAE02A27ED66004B4B01 /* Main.storyboard in Resources */,
			);
			runOnlyForDeploymentPostprocessing = 0;
		};
		23F3CAEC2A27ED68004B4B01 /* Resources */ = {
			isa = PBXResourcesBuildPhase;
			buildActionMask = 2147483647;
			files = (
			);
			runOnlyForDeploymentPostprocessing = 0;
		};
		23F3CAF62A27ED68004B4B01 /* Resources */ = {
			isa = PBXResourcesBuildPhase;
			buildActionMask = 2147483647;
			files = (
			);
			runOnlyForDeploymentPostprocessing = 0;
		};
/* End PBXResourcesBuildPhase section */

/* Begin PBXSourcesBuildPhase section */
		23F3CAD12A27ED66004B4B01 /* Sources */ = {
			isa = PBXSourcesBuildPhase;
			buildActionMask = 2147483647;
			files = (
				23F3CADD2A27ED66004B4B01 /* ViewController.swift in Sources */,
				23F3CB102A27F449004B4B01 /* Market.swift in Sources */,
				23F3CB122A27F6BD004B4B01 /* MarketTableView.swift in Sources */,
				23F3CAD92A27ED66004B4B01 /* AppDelegate.swift in Sources */,
				23F3CAE32A27ED66004B4B01 /* appleTelefonMarket.xcdatamodeld in Sources */,
				23F3CB0C2A27F120004B4B01 /* MarketCell.swift in Sources */,
				23F3CADB2A27ED66004B4B01 /* SceneDelegate.swift in Sources */,
			);
			runOnlyForDeploymentPostprocessing = 0;
		};
		23F3CAEA2A27ED68004B4B01 /* Sources */ = {
			isa = PBXSourcesBuildPhase;
			buildActionMask = 2147483647;
			files = (
				23F3CAF32A27ED68004B4B01 /* appleTelefonMarketTests.swift in Sources */,
			);
			runOnlyForDeploymentPostprocessing = 0;
		};
		23F3CAF42A27ED68004B4B01 /* Sources */ = {
			isa = PBXSourcesBuildPhase;
			buildActionMask = 2147483647;
			files = (
				23F3CAFD2A27ED68004B4B01 /* appleTelefonMarketUITests.swift in Sources */,
				23F3CAFF2A27ED68004B4B01 /* appleTelefonMarketUITestsLaunchTests.swift in Sources */,
			);
			runOnlyForDeploymentPostprocessing = 0;
		};
/* End PBXSourcesBuildPhase section */

/* Begin PBXTargetDependency section */
		23F3CAF02A27ED68004B4B01 /* PBXTargetDependency */ = {
			isa = PBXTargetDependency;
			target = 23F3CAD42A27ED66004B4B01 /* appleTelefonMarket */;
			targetProxy = 23F3CAEF2A27ED68004B4B01 /* PBXContainerItemProxy */;
		};
		23F3CAFA2A27ED68004B4B01 /* PBXTargetDependency */ = {
			isa = PBXTargetDependency;
			target = 23F3CAD42A27ED66004B4B01 /* appleTelefonMarket */;
			targetProxy = 23F3CAF92A27ED68004B4B01 /* PBXContainerItemProxy */;
		};
/* End PBXTargetDependency section */

/* Begin PBXVariantGroup section */
		23F3CADE2A27ED66004B4B01 /* Main.storyboard */ = {
			isa = PBXVariantGroup;
			children = (
				23F3CADF2A27ED66004B4B01 /* Base */,
			);
			name = Main.storyboard;
			sourceTree = "<group>";
		};
		23F3CAE62A27ED68004B4B01 /* LaunchScreen.storyboard */ = {
			isa = PBXVariantGroup;
			children = (
				23F3CAE72A27ED68004B4B01 /* Base */,
			);
			name = LaunchScreen.storyboard;
			sourceTree = "<group>";
		};
/* End PBXVariantGroup section */

/* Begin XCBuildConfiguration section */
		23F3CB002A27ED68004B4B01 /* Debug */ = {
			isa = XCBuildConfiguration;
			buildSettings = {
				ALWAYS_SEARCH_USER_PATHS = NO;
				CLANG_ANALYZER_NONNULL = YES;
				CLANG_ANALYZER_NUMBER_OBJECT_CONVERSION = YES_AGGRESSIVE;
				CLANG_CXX_LANGUAGE_STANDARD = "gnu++20";
				CLANG_ENABLE_MODULES = YES;
				CLANG_ENABLE_OBJC_ARC = YES;
				CLANG_ENABLE_OBJC_WEAK = YES;
				CLANG_WARN_BLOCK_CAPTURE_AUTORELEASING = YES;
				CLANG_WARN_BOOL_CONVERSION = YES;
				CLANG_WARN_COMMA = YES;
				CLANG_WARN_CONSTANT_CONVERSION = YES;
				CLANG_WARN_DEPRECATED_OBJC_IMPLEMENTATIONS = YES;
				CLANG_WARN_DIRECT_OBJC_ISA_USAGE = YES_ERROR;
				CLANG_WARN_DOCUMENTATION_COMMENTS = YES;
				CLANG_WARN_EMPTY_BODY = YES;
				CLANG_WARN_ENUM_CONVERSION = YES;
				CLANG_WARN_INFINITE_RECURSION = YES;
				CLANG_WARN_INT_CONVERSION = YES;
				CLANG_WARN_NON_LITERAL_NULL_CONVERSION = YES;
				CLANG_WARN_OBJC_IMPLICIT_RETAIN_SELF = YES;
				CLANG_WARN_OBJC_LITERAL_CONVERSION = YES;
				CLANG_WARN_OBJC_ROOT_CLASS = YES_ERROR;
				CLANG_WARN_QUOTED_INCLUDE_IN_FRAMEWORK_HEADER = YES;
				CLANG_WARN_RANGE_LOOP_ANALYSIS = YES;
				CLANG_WARN_STRICT_PROTOTYPES = YES;
				CLANG_WARN_SUSPICIOUS_MOVE = YES;
				CLANG_WARN_UNGUARDED_AVAILABILITY = YES_AGGRESSIVE;
				CLANG_WARN_UNREACHABLE_CODE = YES;
				CLANG_WARN__DUPLICATE_METHOD_MATCH = YES;
				COPY_PHASE_STRIP = NO;
				DEBUG_INFORMATION_FORMAT = dwarf;
				ENABLE_STRICT_OBJC_MSGSEND = YES;
				ENABLE_TESTABILITY = YES;
				GCC_C_LANGUAGE_STANDARD = gnu11;
				GCC_DYNAMIC_NO_PIC = NO;
				GCC_NO_COMMON_BLOCKS = YES;
				GCC_OPTIMIZATION_LEVEL = 0;
				GCC_PREPROCESSOR_DEFINITIONS = (
					"DEBUG=1",
					"$(inherited)",
				);
				GCC_WARN_64_TO_32_BIT_CONVERSION = YES;
				GCC_WARN_ABOUT_RETURN_TYPE = YES_ERROR;
				GCC_WARN_UNDECLARED_SELECTOR = YES;
				GCC_WARN_UNINITIALIZED_AUTOS = YES_AGGRESSIVE;
				GCC_WARN_UNUSED_FUNCTION = YES;
				GCC_WARN_UNUSED_VARIABLE = YES;
				IPHONEOS_DEPLOYMENT_TARGET = 16.4;
				MTL_ENABLE_DEBUG_INFO = INCLUDE_SOURCE;
				MTL_FAST_MATH = YES;
				ONLY_ACTIVE_ARCH = YES;
				SDKROOT = iphoneos;
				SWIFT_ACTIVE_COMPILATION_CONDITIONS = DEBUG;
				SWIFT_OPTIMIZATION_LEVEL = "-Onone";
			};
			name = Debug;
		};
		23F3CB012A27ED68004B4B01 /* Release */ = {
			isa = XCBuildConfiguration;
			buildSettings = {
				ALWAYS_SEARCH_USER_PATHS = NO;
				CLANG_ANALYZER_NONNULL = YES;
				CLANG_ANALYZER_NUMBER_OBJECT_CONVERSION = YES_AGGRESSIVE;
				CLANG_CXX_LANGUAGE_STANDARD = "gnu++20";
				CLANG_ENABLE_MODULES = YES;
				CLANG_ENABLE_OBJC_ARC = YES;
				CLANG_ENABLE_OBJC_WEAK = YES;
				CLANG_WARN_BLOCK_CAPTURE_AUTORELEASING = YES;
				CLANG_WARN_BOOL_CONVERSION = YES;
				CLANG_WARN_COMMA = YES;
				CLANG_WARN_CONSTANT_CONVERSION = YES;
				CLANG_WARN_DEPRECATED_OBJC_IMPLEMENTATIONS = YES;
				CLANG_WARN_DIRECT_OBJC_ISA_USAGE = YES_ERROR;
				CLANG_WARN_DOCUMENTATION_COMMENTS = YES;
				CLANG_WARN_EMPTY_BODY = YES;
				CLANG_WARN_ENUM_CONVERSION = YES;
				CLANG_WARN_INFINITE_RECURSION = YES;
				CLANG_WARN_INT_CONVERSION = YES;
				CLANG_WARN_NON_LITERAL_NULL_CONVERSION = YES;
				CLANG_WARN_OBJC_IMPLICIT_RETAIN_SELF = YES;
				CLANG_WARN_OBJC_LITERAL_CONVERSION = YES;
				CLANG_WARN_OBJC_ROOT_CLASS = YES_ERROR;
				CLANG_WARN_QUOTED_INCLUDE_IN_FRAMEWORK_HEADER = YES;
				CLANG_WARN_RANGE_LOOP_ANALYSIS = YES;
				CLANG_WARN_STRICT_PROTOTYPES = YES;
				CLANG_WARN_SUSPICIOUS_MOVE = YES;
				CLANG_WARN_UNGUARDED_AVAILABILITY = YES_AGGRESSIVE;
				CLANG_WARN_UNREACHABLE_CODE = YES;
				CLANG_WARN__DUPLICATE_METHOD_MATCH = YES;
				COPY_PHASE_STRIP = NO;
				DEBUG_INFORMATION_FORMAT = "dwarf-with-dsym";
				ENABLE_NS_ASSERTIONS = NO;
				ENABLE_STRICT_OBJC_MSGSEND = YES;
				GCC_C_LANGUAGE_STANDARD = gnu11;
				GCC_NO_COMMON_BLOCKS = YES;
				GCC_WARN_64_TO_32_BIT_CONVERSION = YES;
				GCC_WARN_ABOUT_RETURN_TYPE = YES_ERROR;
				GCC_WARN_UNDECLARED_SELECTOR = YES;
				GCC_WARN_UNINITIALIZED_AUTOS = YES_AGGRESSIVE;
				GCC_WARN_UNUSED_FUNCTION = YES;
				GCC_WARN_UNUSED_VARIABLE = YES;
				IPHONEOS_DEPLOYMENT_TARGET = 16.4;
				MTL_ENABLE_DEBUG_INFO = NO;
				MTL_FAST_MATH = YES;
				SDKROOT = iphoneos;
				SWIFT_COMPILATION_MODE = wholemodule;
				SWIFT_OPTIMIZATION_LEVEL = "-O";
				VALIDATE_PRODUCT = YES;
			};
			name = Release;
		};
		23F3CB032A27ED68004B4B01 /* Debug */ = {
			isa = XCBuildConfiguration;
			buildSettings = {
				ASSETCATALOG_COMPILER_APPICON_NAME = AppIcon;
				ASSETCATALOG_COMPILER_GLOBAL_ACCENT_COLOR_NAME = AccentColor;
				CODE_SIGN_STYLE = Automatic;
				CURRENT_PROJECT_VERSION = 1;
				GENERATE_INFOPLIST_FILE = YES;
				INFOPLIST_FILE = appleTelefonMarket/Info.plist;
				INFOPLIST_KEY_UIApplicationSupportsIndirectInputEvents = YES;
				INFOPLIST_KEY_UILaunchStoryboardName = LaunchScreen;
				INFOPLIST_KEY_UIMainStoryboardFile = Main;
				INFOPLIST_KEY_UISupportedInterfaceOrientations_iPad = "UIInterfaceOrientationPortrait UIInterfaceOrientationPortraitUpsideDown UIInterfaceOrientationLandscapeLeft UIInterfaceOrientationLandscapeRight";
				INFOPLIST_KEY_UISupportedInterfaceOrientations_iPhone = "UIInterfaceOrientationPortrait UIInterfaceOrientationLandscapeLeft UIInterfaceOrientationLandscapeRight";
				LD_RUNPATH_SEARCH_PATHS = (
					"$(inherited)",
					"@executable_path/Frameworks",
				);
				MARKETING_VERSION = 1.0;
				PRODUCT_BUNDLE_IDENTIFIER = AppleInformation.appleTelefonMarket;
				PRODUCT_NAME = "$(TARGET_NAME)";
				SWIFT_EMIT_LOC_STRINGS = YES;
				SWIFT_VERSION = 5.0;
				TARGETED_DEVICE_FAMILY = "1,2";
			};
			name = Debug;
		};
		23F3CB042A27ED68004B4B01 /* Release */ = {
			isa = XCBuildConfiguration;
			buildSettings = {
				ASSETCATALOG_COMPILER_APPICON_NAME = AppIcon;
				ASSETCATALOG_COMPILER_GLOBAL_ACCENT_COLOR_NAME = AccentColor;
				CODE_SIGN_STYLE = Automatic;
				CURRENT_PROJECT_VERSION = 1;
				GENERATE_INFOPLIST_FILE = YES;
				INFOPLIST_FILE = appleTelefonMarket/Info.plist;
				INFOPLIST_KEY_UIApplicationSupportsIndirectInputEvents = YES;
				INFOPLIST_KEY_UILaunchStoryboardName = LaunchScreen;
				INFOPLIST_KEY_UIMainStoryboardFile = Main;
				INFOPLIST_KEY_UISupportedInterfaceOrientations_iPad = "UIInterfaceOrientationPortrait UIInterfaceOrientationPortraitUpsideDown UIInterfaceOrientationLandscapeLeft UIInterfaceOrientationLandscapeRight";
				INFOPLIST_KEY_UISupportedInterfaceOrientations_iPhone = "UIInterfaceOrientationPortrait UIInterfaceOrientationLandscapeLeft UIInterfaceOrientationLandscapeRight";
				LD_RUNPATH_SEARCH_PATHS = (
					"$(inherited)",
					"@executable_path/Frameworks",
				);
				MARKETING_VERSION = 1.0;
				PRODUCT_BUNDLE_IDENTIFIER = AppleInformation.appleTelefonMarket;
				PRODUCT_NAME = "$(TARGET_NAME)";
				SWIFT_EMIT_LOC_STRINGS = YES;
				SWIFT_VERSION = 5.0;
				TARGETED_DEVICE_FAMILY = "1,2";
			};
			name = Release;
		};
		23F3CB062A27ED68004B4B01 /* Debug */ = {
			isa = XCBuildConfiguration;
			buildSettings = {
				ALWAYS_EMBED_SWIFT_STANDARD_LIBRARIES = YES;
				BUNDLE_LOADER = "$(TEST_HOST)";
				CODE_SIGN_STYLE = Automatic;
				CURRENT_PROJECT_VERSION = 1;
				GENERATE_INFOPLIST_FILE = YES;
				IPHONEOS_DEPLOYMENT_TARGET = 16.4;
				MARKETING_VERSION = 1.0;
				PRODUCT_BUNDLE_IDENTIFIER = AppleInformation.appleTelefonMarketTests;
				PRODUCT_NAME = "$(TARGET_NAME)";
				SWIFT_EMIT_LOC_STRINGS = NO;
				SWIFT_VERSION = 5.0;
				TARGETED_DEVICE_FAMILY = "1,2";
				TEST_HOST = "$(BUILT_PRODUCTS_DIR)/appleTelefonMarket.app/$(BUNDLE_EXECUTABLE_FOLDER_PATH)/appleTelefonMarket";
			};
			name = Debug;
		};
		23F3CB072A27ED68004B4B01 /* Release */ = {
			isa = XCBuildConfiguration;
			buildSettings = {
				ALWAYS_EMBED_SWIFT_STANDARD_LIBRARIES = YES;
				BUNDLE_LOADER = "$(TEST_HOST)";
				CODE_SIGN_STYLE = Automatic;
				CURRENT_PROJECT_VERSION = 1;
				GENERATE_INFOPLIST_FILE = YES;
				IPHONEOS_DEPLOYMENT_TARGET = 16.4;
				MARKETING_VERSION = 1.0;
				PRODUCT_BUNDLE_IDENTIFIER = AppleInformation.appleTelefonMarketTests;
				PRODUCT_NAME = "$(TARGET_NAME)";
				SWIFT_EMIT_LOC_STRINGS = NO;
				SWIFT_VERSION = 5.0;
				TARGETED_DEVICE_FAMILY = "1,2";
				TEST_HOST = "$(BUILT_PRODUCTS_DIR)/appleTelefonMarket.app/$(BUNDLE_EXECUTABLE_FOLDER_PATH)/appleTelefonMarket";
			};
			name = Release;
		};
		23F3CB092A27ED68004B4B01 /* Debug */ = {
			isa = XCBuildConfiguration;
			buildSettings = {
				ALWAYS_EMBED_SWIFT_STANDARD_LIBRARIES = YES;
				CODE_SIGN_STYLE = Automatic;
				CURRENT_PROJECT_VERSION = 1;
				GENERATE_INFOPLIST_FILE = YES;
				MARKETING_VERSION = 1.0;
				PRODUCT_BUNDLE_IDENTIFIER = AppleInformation.appleTelefonMarketUITests;
				PRODUCT_NAME = "$(TARGET_NAME)";
				SWIFT_EMIT_LOC_STRINGS = NO;
				SWIFT_VERSION = 5.0;
				TARGETED_DEVICE_FAMILY = "1,2";
				TEST_TARGET_NAME = appleTelefonMarket;
			};
			name = Debug;
		};
		23F3CB0A2A27ED68004B4B01 /* Release */ = {
			isa = XCBuildConfiguration;
			buildSettings = {
				ALWAYS_EMBED_SWIFT_STANDARD_LIBRARIES = YES;
				CODE_SIGN_STYLE = Automatic;
				CURRENT_PROJECT_VERSION = 1;
				GENERATE_INFOPLIST_FILE = YES;
				MARKETING_VERSION = 1.0;
				PRODUCT_BUNDLE_IDENTIFIER = AppleInformation.appleTelefonMarketUITests;
				PRODUCT_NAME = "$(TARGET_NAME)";
				SWIFT_EMIT_LOC_STRINGS = NO;
				SWIFT_VERSION = 5.0;
				TARGETED_DEVICE_FAMILY = "1,2";
				TEST_TARGET_NAME = appleTelefonMarket;
			};
			name = Release;
		};
/* End XCBuildConfiguration section */

/* Begin XCConfigurationList section */
		23F3CAD02A27ED66004B4B01 /* Build configuration list for PBXProject "appleTelefonMarket" */ = {
			isa = XCConfigurationList;
			buildConfigurations = (
				23F3CB002A27ED68004B4B01 /* Debug */,
				23F3CB012A27ED68004B4B01 /* Release */,
			);
			defaultConfigurationIsVisible = 0;
			defaultConfigurationName = Release;
		};
		23F3CB022A27ED68004B4B01 /* Build configuration list for PBXNativeTarget "appleTelefonMarket" */ = {
			isa = XCConfigurationList;
			buildConfigurations = (
				23F3CB032A27ED68004B4B01 /* Debug */,
				23F3CB042A27ED68004B4B01 /* Release */,
			);
			defaultConfigurationIsVisible = 0;
			defaultConfigurationName = Release;
		};
		23F3CB052A27ED68004B4B01 /* Build configuration list for PBXNativeTarget "appleTelefonMarketTests" */ = {
			isa = XCConfigurationList;
			buildConfigurations = (
				23F3CB062A27ED68004B4B01 /* Debug */,
				23F3CB072A27ED68004B4B01 /* Release */,
			);
			defaultConfigurationIsVisible = 0;
			defaultConfigurationName = Release;
		};
		23F3CB082A27ED68004B4B01 /* Build configuration list for PBXNativeTarget "appleTelefonMarketUITests" */ = {
			isa = XCConfigurationList;
			buildConfigurations = (
				23F3CB092A27ED68004B4B01 /* Debug */,
				23F3CB0A2A27ED68004B4B01 /* Release */,
			);
			defaultConfigurationIsVisible = 0;
			defaultConfigurationName = Release;
		};
/* End XCConfigurationList section */

/* Begin XCVersionGroup section */
		23F3CAE12A27ED66004B4B01 /* appleTelefonMarket.xcdatamodeld */ = {
			isa = XCVersionGroup;
			children = (
				23F3CAE22A27ED66004B4B01 /* appleTelefonMarket.xcdatamodel */,
			);
			currentVersion = 23F3CAE22A27ED66004B4B01 /* appleTelefonMarket.xcdatamodel */;
			path = appleTelefonMarket.xcdatamodeld;
			sourceTree = "<group>";
			versionGroupType = wrapper.xcdatamodel;
		};
/* End XCVersionGroup section */
	};
	rootObject = 23F3CACD2A27ED66004B4B01 /* Project object */;
}
